
Microsoft Visual Studio Solution File, Format Version 12.00
# Visual Studio Version 17
VisualStudioVersion = 17.10.35013.160
MinimumVisualStudioVersion = 10.0.40219.1
Project("{FAE04EC0-301F-11D3-BF4B-00C04F79EFBC}") = "Anvarov_Supermarket", "Anvarov_Supermarket\Anvarov_Supermarket.csproj", "{D37FA379-4144-4D29-B4FA-A867571D349E}"
EndProject
Global
	GlobalSection(SolutionConfigurationPlatforms) = preSolution
		Debug|Any CPU = Debug|Any CPU
		Release|Any CPU = Release|Any CPU
	EndGlobalSection
	GlobalSection(ProjectConfigurationPlatforms) = postSolution
		{D37FA379-4144-4D29-B4FA-A867571D349E}.Debug|Any CPU.ActiveCfg = Debug|Any CPU
		{D37FA379-4144-4D29-B4FA-A867571D349E}.Debug|Any CPU.Build.0 = Debug|Any CPU
		{D37FA379-4144-4D29-B4FA-A867571D349E}.Release|Any CPU.ActiveCfg = Release|Any CPU
		{D37FA379-4144-4D29-B4FA-A867571D349E}.Release|Any CPU.Build.0 = Release|Any CPU
	EndGlobalSection
	GlobalSection(SolutionProperties) = preSolution
		HideSolutionNode = FALSE
	EndGlobalSection
	GlobalSection(ExtensibilityGlobals) = postSolution
		SolutionGuid = {1C80D7D5-3765-4F57-8CBA-C6CD1EE06B10}
	EndGlobalSection
EndGlobal
